
Microsoft Visual Studio Solution File, Format Version 12.00
# Visual Studio Version 16
VisualStudioVersion = 16.0.31911.196
MinimumVisualStudioVersion = 10.0.40219.1
Project("{9A19103F-16F7-4668-BE54-9A1E7A4F7556}") = "CoreDemoWebAPI", "CoreDemoWebAPI\CoreDemoWebAPI.csproj", "{51BC5CD8-93B3-419A-B47B-A1D1F9C09D29}"
EndProject
Project("{FAE04EC0-301F-11D3-BF4B-00C04F79EFBC}") = "CoreDemoWebAPI.Data", "CoreDemoWebAPI.Data\CoreDemoWebAPI.Data.csproj", "{CBE1D4E0-7E40-4920-870A-1F0473A72DA0}"
EndProject
Project("{FAE04EC0-301F-11D3-BF4B-00C04F79EFBC}") = "CoreDemoWebAPI.Domain", "CoreDemoWebAPI.Domain\CoreDemoWebAPI.Domain.csproj", "{F98D792C-55EE-40AB-A819-E4D6B018843F}"
EndProject
Global
	GlobalSection(SolutionConfigurationPlatforms) = preSolution
		Debug|Any CPU = Debug|Any CPU
		Release|Any CPU = Release|Any CPU
	EndGlobalSection
	GlobalSection(ProjectConfigurationPlatforms) = postSolution
		{51BC5CD8-93B3-419A-B47B-A1D1F9C09D29}.Debug|Any CPU.ActiveCfg = Debug|Any CPU
		{51BC5CD8-93B3-419A-B47B-A1D1F9C09D29}.Debug|Any CPU.Build.0 = Debug|Any CPU
		{51BC5CD8-93B3-419A-B47B-A1D1F9C09D29}.Release|Any CPU.ActiveCfg = Release|Any CPU
		{51BC5CD8-93B3-419A-B47B-A1D1F9C09D29}.Release|Any CPU.Build.0 = Release|Any CPU
		{CBE1D4E0-7E40-4920-870A-1F0473A72DA0}.Debug|Any CPU.ActiveCfg = Debug|Any CPU
		{CBE1D4E0-7E40-4920-870A-1F0473A72DA0}.Debug|Any CPU.Build.0 = Debug|Any CPU
		{CBE1D4E0-7E40-4920-870A-1F0473A72DA0}.Release|Any CPU.ActiveCfg = Release|Any CPU
		{CBE1D4E0-7E40-4920-870A-1F0473A72DA0}.Release|Any CPU.Build.0 = Release|Any CPU
		{F98D792C-55EE-40AB-A819-E4D6B018843F}.Debug|Any CPU.ActiveCfg = Debug|Any CPU
		{F98D792C-55EE-40AB-A819-E4D6B018843F}.Debug|Any CPU.Build.0 = Debug|Any CPU
		{F98D792C-55EE-40AB-A819-E4D6B018843F}.Release|Any CPU.ActiveCfg = Release|Any CPU
		{F98D792C-55EE-40AB-A819-E4D6B018843F}.Release|Any CPU.Build.0 = Release|Any CPU
	EndGlobalSection
	GlobalSection(SolutionProperties) = preSolution
		HideSolutionNode = FALSE
	EndGlobalSection
	GlobalSection(ExtensibilityGlobals) = postSolution
		SolutionGuid = {3D9C1C26-521E-49A9-9C8D-D1FAC1BBCF06}
	EndGlobalSection
EndGlobal
